
Microsoft Visual Studio Solution File, Format Version 12.00
# Visual Studio Version 17
VisualStudioVersion = 17.2.32616.157
MinimumVisualStudioVersion = 10.0.40219.1
Project("{2150E333-8FDC-42A3-9474-1A3956D46DE8}") = "src", "src", "{6ADF95AF-C598-476B-81D9-0ACE9DA1B8D0}"
EndProject
Project("{2150E333-8FDC-42A3-9474-1A3956D46DE8}") = "Adapters", "Adapters", "{2DBDD42C-7F02-4F2E-A294-F427D05E8028}"
EndProject
Project("{2150E333-8FDC-42A3-9474-1A3956D46DE8}") = "Driven", "Driven", "{3F401246-B8C3-46FB-9F53-99D1BCE0A4E7}"
EndProject
Project("{2150E333-8FDC-42A3-9474-1A3956D46DE8}") = "Driving", "Driving", "{68BC347D-EDFA-4419-ACCE-D70536D6ADCF}"
EndProject
Project("{9A19103F-16F7-4668-BE54-9A1E7A4F7556}") = "TodoApp.Api", "src\TodoApp.Api\TodoApp.Api.csproj", "{061AA1C3-0C71-4392-B4CF-A7A7A5DBEF1B}"
EndProject
Project("{2150E333-8FDC-42A3-9474-1A3956D46DE8}") = "Core", "Core", "{D20A6157-90C7-44A7-A3FE-B8A2A39B49DD}"
EndProject
Project("{FAE04EC0-301F-11D3-BF4B-00C04F79EFBC}") = "TodoApp.Application", "src\TodoApp.Application\TodoApp.Application.csproj", "{2861CF03-E023-4AC9-9430-B45A106DAF60}"
EndProject
Project("{FAE04EC0-301F-11D3-BF4B-00C04F79EFBC}") = "TodoApp.Domain", "src\TodoApp.Domain\TodoApp.Domain.csproj", "{E97E7B29-193E-48E3-9499-CF576EE7C205}"
EndProject
Project("{FAE04EC0-301F-11D3-BF4B-00C04F79EFBC}") = "TodoApp.Infra.Database", "src\TodoApp.Infra.Database\TodoApp.Infra.Database.csproj", "{583BA7C6-6E35-4646-9FF7-80F70FCC8015}"
EndProject
Project("{2150E333-8FDC-42A3-9474-1A3956D46DE8}") = "tests", "tests", "{75F8F6CF-B7AF-4E0E-BF01-D13382E43110}"
EndProject
Project("{FAE04EC0-301F-11D3-BF4B-00C04F79EFBC}") = "TodoApp.Api.Tests", "tests\TodoApp.Api.Tests\TodoApp.Api.Tests.csproj", "{A91F4DD4-C24A-4657-ACD5-FF4D908F71B6}"
EndProject
Global
	GlobalSection(SolutionConfigurationPlatforms) = preSolution
		Debug|Any CPU = Debug|Any CPU
		Release|Any CPU = Release|Any CPU
	EndGlobalSection
	GlobalSection(ProjectConfigurationPlatforms) = postSolution
		{061AA1C3-0C71-4392-B4CF-A7A7A5DBEF1B}.Debug|Any CPU.ActiveCfg = Debug|Any CPU
		{061AA1C3-0C71-4392-B4CF-A7A7A5DBEF1B}.Debug|Any CPU.Build.0 = Debug|Any CPU
		{061AA1C3-0C71-4392-B4CF-A7A7A5DBEF1B}.Release|Any CPU.ActiveCfg = Release|Any CPU
		{061AA1C3-0C71-4392-B4CF-A7A7A5DBEF1B}.Release|Any CPU.Build.0 = Release|Any CPU
		{2861CF03-E023-4AC9-9430-B45A106DAF60}.Debug|Any CPU.ActiveCfg = Debug|Any CPU
		{2861CF03-E023-4AC9-9430-B45A106DAF60}.Debug|Any CPU.Build.0 = Debug|Any CPU
		{2861CF03-E023-4AC9-9430-B45A106DAF60}.Release|Any CPU.ActiveCfg = Release|Any CPU
		{2861CF03-E023-4AC9-9430-B45A106DAF60}.Release|Any CPU.Build.0 = Release|Any CPU
		{E97E7B29-193E-48E3-9499-CF576EE7C205}.Debug|Any CPU.ActiveCfg = Debug|Any CPU
		{E97E7B29-193E-48E3-9499-CF576EE7C205}.Debug|Any CPU.Build.0 = Debug|Any CPU
		{E97E7B29-193E-48E3-9499-CF576EE7C205}.Release|Any CPU.ActiveCfg = Release|Any CPU
		{E97E7B29-193E-48E3-9499-CF576EE7C205}.Release|Any CPU.Build.0 = Release|Any CPU
		{583BA7C6-6E35-4646-9FF7-80F70FCC8015}.Debug|Any CPU.ActiveCfg = Debug|Any CPU
		{583BA7C6-6E35-4646-9FF7-80F70FCC8015}.Debug|Any CPU.Build.0 = Debug|Any CPU
		{583BA7C6-6E35-4646-9FF7-80F70FCC8015}.Release|Any CPU.ActiveCfg = Release|Any CPU
		{583BA7C6-6E35-4646-9FF7-80F70FCC8015}.Release|Any CPU.Build.0 = Release|Any CPU
		{A91F4DD4-C24A-4657-ACD5-FF4D908F71B6}.Debug|Any CPU.ActiveCfg = Debug|Any CPU
		{A91F4DD4-C24A-4657-ACD5-FF4D908F71B6}.Debug|Any CPU.Build.0 = Debug|Any CPU
		{A91F4DD4-C24A-4657-ACD5-FF4D908F71B6}.Release|Any CPU.ActiveCfg = Release|Any CPU
		{A91F4DD4-C24A-4657-ACD5-FF4D908F71B6}.Release|Any CPU.Build.0 = Release|Any CPU
	EndGlobalSection
	GlobalSection(SolutionProperties) = preSolution
		HideSolutionNode = FALSE
	EndGlobalSection
	GlobalSection(NestedProjects) = preSolution
		{2DBDD42C-7F02-4F2E-A294-F427D05E8028} = {6ADF95AF-C598-476B-81D9-0ACE9DA1B8D0}
		{3F401246-B8C3-46FB-9F53-99D1BCE0A4E7} = {2DBDD42C-7F02-4F2E-A294-F427D05E8028}
		{68BC347D-EDFA-4419-ACCE-D70536D6ADCF} = {2DBDD42C-7F02-4F2E-A294-F427D05E8028}
		{061AA1C3-0C71-4392-B4CF-A7A7A5DBEF1B} = {68BC347D-EDFA-4419-ACCE-D70536D6ADCF}
		{D20A6157-90C7-44A7-A3FE-B8A2A39B49DD} = {6ADF95AF-C598-476B-81D9-0ACE9DA1B8D0}
		{2861CF03-E023-4AC9-9430-B45A106DAF60} = {D20A6157-90C7-44A7-A3FE-B8A2A39B49DD}
		{E97E7B29-193E-48E3-9499-CF576EE7C205} = {D20A6157-90C7-44A7-A3FE-B8A2A39B49DD}
		{583BA7C6-6E35-4646-9FF7-80F70FCC8015} = {3F401246-B8C3-46FB-9F53-99D1BCE0A4E7}
		{A91F4DD4-C24A-4657-ACD5-FF4D908F71B6} = {75F8F6CF-B7AF-4E0E-BF01-D13382E43110}
	EndGlobalSection
	GlobalSection(ExtensibilityGlobals) = postSolution
		SolutionGuid = {0CA876CC-FF2E-4E75-8DFE-65C77B57B692}
	EndGlobalSection
EndGlobal
